
Microsoft Visual Studio Solution File, Format Version 12.00
# Visual Studio Version 17
VisualStudioVersion = 17.1.32319.34
MinimumVisualStudioVersion = 10.0.40219.1
Project("{FAE04EC0-301F-11D3-BF4B-00C04F79EFBC}") = "Derleyicimiz", "Derleyicimiz\Derleyicimiz.csproj", "{6B92AC04-6A88-4708-ADE6-1197ACDF6298}"
EndProject
Project("{FAE04EC0-301F-11D3-BF4B-00C04F79EFBC}") = "Frontend", "Frontend\Frontend.csproj", "{D17A711D-B7FB-49E8-814C-D9F129DE7096}"
EndProject
Global
	GlobalSection(SolutionConfigurationPlatforms) = preSolution
		Debug|Any CPU = Debug|Any CPU
		Release|Any CPU = Release|Any CPU
	EndGlobalSection
	GlobalSection(ProjectConfigurationPlatforms) = postSolution
		{6B92AC04-6A88-4708-ADE6-1197ACDF6298}.Debug|Any CPU.ActiveCfg = Debug|Any CPU
		{6B92AC04-6A88-4708-ADE6-1197ACDF6298}.Debug|Any CPU.Build.0 = Debug|Any CPU
		{6B92AC04-6A88-4708-ADE6-1197ACDF6298}.Release|Any CPU.ActiveCfg = Release|Any CPU
		{6B92AC04-6A88-4708-ADE6-1197ACDF6298}.Release|Any CPU.Build.0 = Release|Any CPU
		{D17A711D-B7FB-49E8-814C-D9F129DE7096}.Debug|Any CPU.ActiveCfg = Debug|Any CPU
		{D17A711D-B7FB-49E8-814C-D9F129DE7096}.Debug|Any CPU.Build.0 = Debug|Any CPU
		{D17A711D-B7FB-49E8-814C-D9F129DE7096}.Release|Any CPU.ActiveCfg = Release|Any CPU
		{D17A711D-B7FB-49E8-814C-D9F129DE7096}.Release|Any CPU.Build.0 = Release|Any CPU
	EndGlobalSection
	GlobalSection(SolutionProperties) = preSolution
		HideSolutionNode = FALSE
	EndGlobalSection
	GlobalSection(ExtensibilityGlobals) = postSolution
		SolutionGuid = {F214BC5D-2991-4B5F-8108-4D20D7CF46F4}
	EndGlobalSection
EndGlobal
